// !$*UTF8*$!
{
	archiveVersion = 1;
	classes = {
	};
	objectVersion = 53;
	objects = {

/* Begin PBXBuildFile section */
		3E1804A5119C9CF7F0DD4F4A /* libPods-HelloWorld.a in Frameworks */ = {isa = PBXBuildFile; fileRef = C60599D8EFFA454F1054D528 /* libPods-HelloWorld.a */; };
		A07753C62343DDEE00186969 /* AppDelegate.swift in Sources */ = {isa = PBXBuildFile; fileRef = A07753C52343DDEE00186969 /* AppDelegate.swift */; };
		A07753CF2343DDEF00186969 /* Assets.xcassets in Resources */ = {isa = PBXBuildFile; fileRef = A07753CE2343DDEF00186969 /* Assets.xcassets */; };
		A07753D22343DDEF00186969 /* LaunchScreen.storyboard in Resources */ = {isa = PBXBuildFile; fileRef = A07753D02343DDEF00186969 /* LaunchScreen.storyboard */; };
		A07753DD2343F15B00186969 /* TorchModule.mm in Sources */ = {isa = PBXBuildFile; fileRef = A07753DB2343F15B00186969 /* TorchModule.mm */; };
		FB3EBCBE24522FCA00C4E33A /* Info.plist in Resources */ = {isa = PBXBuildFile; fileRef = A07753D32343DDEF00186969 /* Info.plist */; };
		FB3EBCC12452348900C4E33A /* model.pt in Resources */ = {isa = PBXBuildFile; fileRef = FB3EBCBF2452310200C4E33A /* model.pt */; };
		FB6B0AAE24CAF0670026FD13 /* items.json in Resources */ = {isa = PBXBuildFile; fileRef = FB6B0AAD24CAF0670026FD13 /* items.json */; };
		FB6B0AB024CAF06C0026FD13 /* rooms.json in Resources */ = {isa = PBXBuildFile; fileRef = FB6B0AAF24CAF06C0026FD13 /* rooms.json */; };
		FB6B0AB224CAF39F0026FD13 /* Bundle+Helper.swift in Sources */ = {isa = PBXBuildFile; fileRef = FB6B0AB124CAF39F0026FD13 /* Bundle+Helper.swift */; };
		FB6B0AB424CB34360026FD13 /* words.txt in Resources */ = {isa = PBXBuildFile; fileRef = FB6B0AB324CB34360026FD13 /* words.txt */; };
		FB6B0ABA24CB39D10026FD13 /* PlaygroundView..swift in Sources */ = {isa = PBXBuildFile; fileRef = FB6B0AB924CB39D10026FD13 /* PlaygroundView..swift */; };
		FB9931C524C1EC150020B441 /* QuestCard.swift in Sources */ = {isa = PBXBuildFile; fileRef = FB9931C424C1EC150020B441 /* QuestCard.swift */; };
		FB9931C824C1EC5F0020B441 /* ShakeEffect.swift in Sources */ = {isa = PBXBuildFile; fileRef = FB9931C724C1EC5F0020B441 /* ShakeEffect.swift */; };
		FB9931CB24C1F0BD0020B441 /* ContentView.swift in Sources */ = {isa = PBXBuildFile; fileRef = FB9931CA24C1F0BD0020B441 /* ContentView.swift */; };
		FB9931CD24C1F5520020B441 /* SceneDelegate.swift in Sources */ = {isa = PBXBuildFile; fileRef = FB9931CC24C1F5520020B441 /* SceneDelegate.swift */; };
		FB9931D024C208460020B441 /* Model.swift in Sources */ = {isa = PBXBuildFile; fileRef = FB9931CF24C208460020B441 /* Model.swift */; };
		FB9931D324C211D10020B441 /* MainView.swift in Sources */ = {isa = PBXBuildFile; fileRef = FB9931D224C211D10020B441 /* MainView.swift */; };
		FB9931D624C213A80020B441 /* AsyncImage.swift in Sources */ = {isa = PBXBuildFile; fileRef = FB9931D524C213A80020B441 /* AsyncImage.swift */; };
		FB9931D824C213E20020B441 /* EnvironmentValues+ImageCache.swift in Sources */ = {isa = PBXBuildFile; fileRef = FB9931D724C213E20020B441 /* EnvironmentValues+ImageCache.swift */; };
		FB9931DA24C214030020B441 /* ImageCache.swift in Sources */ = {isa = PBXBuildFile; fileRef = FB9931D924C214030020B441 /* ImageCache.swift */; };
		FB9931DC24C2141A0020B441 /* ImageLoader.swift in Sources */ = {isa = PBXBuildFile; fileRef = FB9931DB24C2141A0020B441 /* ImageLoader.swift */; };
		FB9F0C0124C390D800AA1191 /* MuseumCard.swift in Sources */ = {isa = PBXBuildFile; fileRef = FB9F0C0024C390D800AA1191 /* MuseumCard.swift */; };
		FB9F0C0424C3919900AA1191 /* MuseumView.swift in Sources */ = {isa = PBXBuildFile; fileRef = FB9F0C0324C3919900AA1191 /* MuseumView.swift */; };
		FB9F0C0824C3A5A100AA1191 /* UIImage+Helper.swift in Sources */ = {isa = PBXBuildFile; fileRef = FB9F0C0724C3A5A000AA1191 /* UIImage+Helper.swift */; };
		FB9F0C0A24C58ED400AA1191 /* MapLine.swift in Sources */ = {isa = PBXBuildFile; fileRef = FB9F0C0924C58ED400AA1191 /* MapLine.swift */; };
		FBBFD3CD24C88F8000542654 /* SwipeableCards.swift in Sources */ = {isa = PBXBuildFile; fileRef = FBBFD3CC24C88F8000542654 /* SwipeableCards.swift */; };
		FBF964E12453566E00E8EE2A /* CameraController.swift in Sources */ = {isa = PBXBuildFile; fileRef = FBF964DC2453566E00E8EE2A /* CameraController.swift */; };
		FBF964E32453566E00E8EE2A /* CameraViewController.swift in Sources */ = {isa = PBXBuildFile; fileRef = FBF964DE2453566E00E8EE2A /* CameraViewController.swift */; };
		FBF964E42453566E00E8EE2A /* ImagePredictor.swift in Sources */ = {isa = PBXBuildFile; fileRef = FBF964DF2453566E00E8EE2A /* ImagePredictor.swift */; };
		FBF964E52453566E00E8EE2A /* CVPixelBuffer+Helper.swift in Sources */ = {isa = PBXBuildFile; fileRef = FBF964E02453566E00E8EE2A /* CVPixelBuffer+Helper.swift */; };
/* End PBXBuildFile section */

/* Begin PBXFileReference section */
		278A9B2CDACABEF5F916C591 /* Pods-HelloWorld.debug.xcconfig */ = {isa = PBXFileReference; includeInIndex = 1; lastKnownFileType = text.xcconfig; name = "Pods-HelloWorld.debug.xcconfig"; path = "Pods/Target Support Files/Pods-HelloWorld/Pods-HelloWorld.debug.xcconfig"; sourceTree = "<group>"; };
		4165EB65F4307DD1715BF487 /* Pods-HelloWorld.release.xcconfig */ = {isa = PBXFileReference; includeInIndex = 1; lastKnownFileType = text.xcconfig; name = "Pods-HelloWorld.release.xcconfig"; path = "Pods/Target Support Files/Pods-HelloWorld/Pods-HelloWorld.release.xcconfig"; sourceTree = "<group>"; };
		A07753C22343DDEE00186969 /* Vingo.app */ = {isa = PBXFileReference; explicitFileType = wrapper.application; includeInIndex = 0; path = Vingo.app; sourceTree = BUILT_PRODUCTS_DIR; };
		A07753C52343DDEE00186969 /* AppDelegate.swift */ = {isa = PBXFileReference; lastKnownFileType = sourcecode.swift; path = AppDelegate.swift; sourceTree = "<group>"; };
		A07753CE2343DDEF00186969 /* Assets.xcassets */ = {isa = PBXFileReference; lastKnownFileType = folder.assetcatalog; path = Assets.xcassets; sourceTree = "<group>"; };
		A07753D12343DDEF00186969 /* Base */ = {isa = PBXFileReference; lastKnownFileType = file.storyboard; name = Base; path = Base.lproj/LaunchScreen.storyboard; sourceTree = "<group>"; };
		A07753D32343DDEF00186969 /* Info.plist */ = {isa = PBXFileReference; lastKnownFileType = text.plist.xml; path = Info.plist; sourceTree = "<group>"; };
		A07753DA2343F15B00186969 /* Bridging-Header.h */ = {isa = PBXFileReference; lastKnownFileType = sourcecode.c.h; path = "Bridging-Header.h"; sourceTree = "<group>"; };
		A07753DB2343F15B00186969 /* TorchModule.mm */ = {isa = PBXFileReference; fileEncoding = 4; lastKnownFileType = sourcecode.cpp.objcpp; path = TorchModule.mm; sourceTree = "<group>"; };
		A07753DC2343F15B00186969 /* TorchModule.h */ = {isa = PBXFileReference; fileEncoding = 4; lastKnownFileType = sourcecode.c.h; path = TorchModule.h; sourceTree = "<group>"; };
		C60599D8EFFA454F1054D528 /* libPods-HelloWorld.a */ = {isa = PBXFileReference; explicitFileType = archive.ar; includeInIndex = 0; path = "libPods-HelloWorld.a"; sourceTree = BUILT_PRODUCTS_DIR; };
		FB3EBCBF2452310200C4E33A /* model.pt */ = {isa = PBXFileReference; lastKnownFileType = file; path = model.pt; sourceTree = "<group>"; };
		FB6B0AAD24CAF0670026FD13 /* items.json */ = {isa = PBXFileReference; fileEncoding = 4; lastKnownFileType = text.json; name = items.json; path = "../../../../scrape-hermitage/static/hermitage_staff/items.json"; sourceTree = "<group>"; };
		FB6B0AAF24CAF06C0026FD13 /* rooms.json */ = {isa = PBXFileReference; fileEncoding = 4; lastKnownFileType = text.json; name = rooms.json; path = "../../../../scrape-hermitage/static/hermitage_staff/rooms.json"; sourceTree = "<group>"; };
		FB6B0AB124CAF39F0026FD13 /* Bundle+Helper.swift */ = {isa = PBXFileReference; lastKnownFileType = sourcecode.swift; path = "Bundle+Helper.swift"; sourceTree = "<group>"; };
		FB6B0AB324CB34360026FD13 /* words.txt */ = {isa = PBXFileReference; fileEncoding = 4; lastKnownFileType = text; path = words.txt; sourceTree = "<group>"; };
		FB6B0AB924CB39D10026FD13 /* PlaygroundView..swift */ = {isa = PBXFileReference; fileEncoding = 4; lastKnownFileType = sourcecode.swift; name = PlaygroundView..swift; path = ../../../../.Trash/PlaygroundView..swift; sourceTree = "<group>"; };
		FB9931C424C1EC150020B441 /* QuestCard.swift */ = {isa = PBXFileReference; lastKnownFileType = sourcecode.swift; path = QuestCard.swift; sourceTree = "<group>"; };
		FB9931C724C1EC5F0020B441 /* ShakeEffect.swift */ = {isa = PBXFileReference; lastKnownFileType = sourcecode.swift; path = ShakeEffect.swift; sourceTree = "<group>"; };
		FB9931CA24C1F0BD0020B441 /* ContentView.swift */ = {isa = PBXFileReference; lastKnownFileType = sourcecode.swift; path = ContentView.swift; sourceTree = "<group>"; };
		FB9931CC24C1F5520020B441 /* SceneDelegate.swift */ = {isa = PBXFileReference; lastKnownFileType = sourcecode.swift; path = SceneDelegate.swift; sourceTree = "<group>"; };
		FB9931CF24C208460020B441 /* Model.swift */ = {isa = PBXFileReference; lastKnownFileType = sourcecode.swift; path = Model.swift; sourceTree = "<group>"; };
		FB9931D224C211D10020B441 /* MainView.swift */ = {isa = PBXFileReference; lastKnownFileType = sourcecode.swift; path = MainView.swift; sourceTree = "<group>"; };
		FB9931D524C213A80020B441 /* AsyncImage.swift */ = {isa = PBXFileReference; lastKnownFileType = sourcecode.swift; path = AsyncImage.swift; sourceTree = "<group>"; };
		FB9931D724C213E20020B441 /* EnvironmentValues+ImageCache.swift */ = {isa = PBXFileReference; lastKnownFileType = sourcecode.swift; path = "EnvironmentValues+ImageCache.swift"; sourceTree = "<group>"; };
		FB9931D924C214030020B441 /* ImageCache.swift */ = {isa = PBXFileReference; lastKnownFileType = sourcecode.swift; path = ImageCache.swift; sourceTree = "<group>"; };
		FB9931DB24C2141A0020B441 /* ImageLoader.swift */ = {isa = PBXFileReference; lastKnownFileType = sourcecode.swift; path = ImageLoader.swift; sourceTree = "<group>"; };
		FB9F0C0024C390D800AA1191 /* MuseumCard.swift */ = {isa = PBXFileReference; lastKnownFileType = sourcecode.swift; path = MuseumCard.swift; sourceTree = "<group>"; };
		FB9F0C0324C3919900AA1191 /* MuseumView.swift */ = {isa = PBXFileReference; lastKnownFileType = sourcecode.swift; path = MuseumView.swift; sourceTree = "<group>"; };
		FB9F0C0724C3A5A000AA1191 /* UIImage+Helper.swift */ = {isa = PBXFileReference; fileEncoding = 4; lastKnownFileType = sourcecode.swift; path = "UIImage+Helper.swift"; sourceTree = "<group>"; };
		FB9F0C0924C58ED400AA1191 /* MapLine.swift */ = {isa = PBXFileReference; lastKnownFileType = sourcecode.swift; path = MapLine.swift; sourceTree = "<group>"; };
		FBBFD3CC24C88F8000542654 /* SwipeableCards.swift */ = {isa = PBXFileReference; lastKnownFileType = sourcecode.swift; path = SwipeableCards.swift; sourceTree = "<group>"; };
		FBF964DC2453566E00E8EE2A /* CameraController.swift */ = {isa = PBXFileReference; fileEncoding = 4; lastKnownFileType = sourcecode.swift; path = CameraController.swift; sourceTree = "<group>"; };
		FBF964DE2453566E00E8EE2A /* CameraViewController.swift */ = {isa = PBXFileReference; fileEncoding = 4; lastKnownFileType = sourcecode.swift; path = CameraViewController.swift; sourceTree = "<group>"; };
		FBF964DF2453566E00E8EE2A /* ImagePredictor.swift */ = {isa = PBXFileReference; fileEncoding = 4; lastKnownFileType = sourcecode.swift; path = ImagePredictor.swift; sourceTree = "<group>"; };
		FBF964E02453566E00E8EE2A /* CVPixelBuffer+Helper.swift */ = {isa = PBXFileReference; fileEncoding = 4; lastKnownFileType = sourcecode.swift; path = "CVPixelBuffer+Helper.swift"; sourceTree = "<group>"; };
/* End PBXFileReference section */

/* Begin PBXFrameworksBuildPhase section */
		A07753BF2343DDEE00186969 /* Frameworks */ = {
			isa = PBXFrameworksBuildPhase;
			buildActionMask = 2147483647;
			files = (
				3E1804A5119C9CF7F0DD4F4A /* libPods-HelloWorld.a in Frameworks */,
			);
			runOnlyForDeploymentPostprocessing = 0;
		};
/* End PBXFrameworksBuildPhase section */

/* Begin PBXGroup section */
		9D03E4DE12400C6BD7D9494A /* Pods */ = {
			isa = PBXGroup;
			children = (
				278A9B2CDACABEF5F916C591 /* Pods-HelloWorld.debug.xcconfig */,
				4165EB65F4307DD1715BF487 /* Pods-HelloWorld.release.xcconfig */,
			);
			name = Pods;
			sourceTree = "<group>";
		};
		A07753B92343DDEE00186969 = {
			isa = PBXGroup;
			children = (
				A07753C42343DDEE00186969 /* Vingo */,
				A07753C32343DDEE00186969 /* Products */,
				9D03E4DE12400C6BD7D9494A /* Pods */,
				AF182EB80CBD3F64725105B6 /* Frameworks */,
			);
			sourceTree = "<group>";
		};
		A07753C32343DDEE00186969 /* Products */ = {
			isa = PBXGroup;
			children = (
				A07753C22343DDEE00186969 /* Vingo.app */,
			);
			name = Products;
			sourceTree = "<group>";
		};
		A07753C42343DDEE00186969 /* Vingo */ = {
			isa = PBXGroup;
			children = (
				FB9931CE24C208150020B441 /* Store */,
				FB9931D124C211B20020B441 /* MainView */,
				FB9931C924C1ED3F0020B441 /* PlaygroundView */,
				FB9F0C0224C3917B00AA1191 /* MuseumView */,
				FB9931C624C1EC480020B441 /* components */,
				A07753E02343F9AD00186969 /* Vingonet */,
				A07753C52343DDEE00186969 /* AppDelegate.swift */,
				A07753CE2343DDEF00186969 /* Assets.xcassets */,
				A07753D02343DDEF00186969 /* LaunchScreen.storyboard */,
				A07753D32343DDEF00186969 /* Info.plist */,
				FB9931CA24C1F0BD0020B441 /* ContentView.swift */,
				FB9931CC24C1F5520020B441 /* SceneDelegate.swift */,
			);
			path = Vingo;
			sourceTree = "<group>";
		};
		A07753D92343EDE700186969 /* TorchBridge */ = {
			isa = PBXGroup;
			children = (
				A07753DC2343F15B00186969 /* TorchModule.h */,
				A07753DB2343F15B00186969 /* TorchModule.mm */,
				A07753DA2343F15B00186969 /* Bridging-Header.h */,
			);
			path = TorchBridge;
			sourceTree = "<group>";
		};
		A07753E02343F9AD00186969 /* Vingonet */ = {
			isa = PBXGroup;
			children = (
				FB6B0AB324CB34360026FD13 /* words.txt */,
				A07753D92343EDE700186969 /* TorchBridge */,
				FB3EBCBF2452310200C4E33A /* model.pt */,
				FB6B0AAD24CAF0670026FD13 /* items.json */,
				FB6B0AAF24CAF06C0026FD13 /* rooms.json */,
			);
			path = Vingonet;
			sourceTree = "<group>";
		};
		AF182EB80CBD3F64725105B6 /* Frameworks */ = {
			isa = PBXGroup;
			children = (
				C60599D8EFFA454F1054D528 /* libPods-HelloWorld.a */,
			);
			name = Frameworks;
			sourceTree = "<group>";
		};
		FB9931C624C1EC480020B441 /* components */ = {
			isa = PBXGroup;
			children = (
				FBF964DB2453566E00E8EE2A /* Camera */,
				FB9931D424C213900020B441 /* AsyncImage */,
				FB9931C724C1EC5F0020B441 /* ShakeEffect.swift */,
				FBF964E02453566E00E8EE2A /* CVPixelBuffer+Helper.swift */,
				FB9F0C0724C3A5A000AA1191 /* UIImage+Helper.swift */,
				FB6B0AB124CAF39F0026FD13 /* Bundle+Helper.swift */,
			);
			path = components;
			sourceTree = "<group>";
		};
		FB9931C924C1ED3F0020B441 /* PlaygroundView */ = {
			isa = PBXGroup;
			children = (
				FB9931C424C1EC150020B441 /* QuestCard.swift */,
				FB9F0C0924C58ED400AA1191 /* MapLine.swift */,
				FBBFD3CC24C88F8000542654 /* SwipeableCards.swift */,
				FB6B0AB924CB39D10026FD13 /* PlaygroundView..swift */,
			);
			path = PlaygroundView;
			sourceTree = "<group>";
		};
		FB9931CE24C208150020B441 /* Store */ = {
			isa = PBXGroup;
			children = (
				FBF964DF2453566E00E8EE2A /* ImagePredictor.swift */,
				FB9931CF24C208460020B441 /* Model.swift */,
			);
			path = Store;
			sourceTree = "<group>";
		};
		FB9931D124C211B20020B441 /* MainView */ = {
			isa = PBXGroup;
			children = (
				FB9931D224C211D10020B441 /* MainView.swift */,
				FB9F0C0024C390D800AA1191 /* MuseumCard.swift */,
			);
			path = MainView;
			sourceTree = "<group>";
		};
		FB9931D424C213900020B441 /* AsyncImage */ = {
			isa = PBXGroup;
			children = (
				FB9931D524C213A80020B441 /* AsyncImage.swift */,
				FB9931D724C213E20020B441 /* EnvironmentValues+ImageCache.swift */,
				FB9931D924C214030020B441 /* ImageCache.swift */,
				FB9931DB24C2141A0020B441 /* ImageLoader.swift */,
			);
			path = AsyncImage;
			sourceTree = "<group>";
		};
		FB9F0C0224C3917B00AA1191 /* MuseumView */ = {
			isa = PBXGroup;
			children = (
				FB9F0C0324C3919900AA1191 /* MuseumView.swift */,
			);
			path = MuseumView;
			sourceTree = "<group>";
		};
		FBF964DB2453566E00E8EE2A /* Camera */ = {
			isa = PBXGroup;
			children = (
				FBF964DC2453566E00E8EE2A /* CameraController.swift */,
				FBF964DE2453566E00E8EE2A /* CameraViewController.swift */,
			);
			path = Camera;
			sourceTree = "<group>";
		};
/* End PBXGroup section */

/* Begin PBXNativeTarget section */
		A07753C12343DDEE00186969 /* Vingo */ = {
			isa = PBXNativeTarget;
			buildConfigurationList = A07753D62343DDEF00186969 /* Build configuration list for PBXNativeTarget "Vingo" */;
			buildPhases = (
				14C3EB17948337B90508BC97 /* [CP] Check Pods Manifest.lock */,
				A07753BE2343DDEE00186969 /* Sources */,
				A07753BF2343DDEE00186969 /* Frameworks */,
				A07753C02343DDEE00186969 /* Resources */,
			);
			buildRules = (
			);
			dependencies = (
			);
			name = Vingo;
			productName = HelloWorld;
			productReference = A07753C22343DDEE00186969 /* Vingo.app */;
			productType = "com.apple.product-type.application";
		};
/* End PBXNativeTarget section */

/* Begin PBXProject section */
		A07753BA2343DDEE00186969 /* Project object */ = {
			isa = PBXProject;
			attributes = {
				LastSwiftUpdateCheck = 1100;
				LastUpgradeCheck = 1100;
				ORGANIZATIONNAME = "";
				TargetAttributes = {
					A07753C12343DDEE00186969 = {
						CreatedOnToolsVersion = 11.0;
						LastSwiftMigration = 1100;
					};
				};
			};
			buildConfigurationList = A07753BD2343DDEE00186969 /* Build configuration list for PBXProject "Vingo" */;
			compatibilityVersion = "Xcode 11.4";
			developmentRegion = en;
			hasScannedForEncodings = 0;
			knownRegions = (
				en,
				Base,
			);
			mainGroup = A07753B92343DDEE00186969;
			productRefGroup = A07753C32343DDEE00186969 /* Products */;
			projectDirPath = "";
			projectRoot = "";
			targets = (
				A07753C12343DDEE00186969 /* Vingo */,
			);
		};
/* End PBXProject section */

/* Begin PBXResourcesBuildPhase section */
		A07753C02343DDEE00186969 /* Resources */ = {
			isa = PBXResourcesBuildPhase;
			buildActionMask = 2147483647;
			files = (
				FB3EBCC12452348900C4E33A /* model.pt in Resources */,
				FB6B0AB424CB34360026FD13 /* words.txt in Resources */,
				FB3EBCBE24522FCA00C4E33A /* Info.plist in Resources */,
				FB6B0AAE24CAF0670026FD13 /* items.json in Resources */,
				A07753D22343DDEF00186969 /* LaunchScreen.storyboard in Resources */,
				A07753CF2343DDEF00186969 /* Assets.xcassets in Resources */,
				FB6B0AB024CAF06C0026FD13 /* rooms.json in Resources */,
			);
			runOnlyForDeploymentPostprocessing = 0;
		};
/* End PBXResourcesBuildPhase section */

/* Begin PBXShellScriptBuildPhase section */
		14C3EB17948337B90508BC97 /* [CP] Check Pods Manifest.lock */ = {
			isa = PBXShellScriptBuildPhase;
			buildActionMask = 2147483647;
			files = (
			);
			inputPaths = (
				"${PODS_PODFILE_DIR_PATH}/Podfile.lock",
				"${PODS_ROOT}/Manifest.lock",
			);
			name = "[CP] Check Pods Manifest.lock";
			outputPaths = (
				"$(DERIVED_FILE_DIR)/Pods-HelloWorld-checkManifestLockResult.txt",
			);
			runOnlyForDeploymentPostprocessing = 0;
			shellPath = /bin/sh;
			shellScript = "diff \"${PODS_PODFILE_DIR_PATH}/Podfile.lock\" \"${PODS_ROOT}/Manifest.lock\" > /dev/null\nif [ $? != 0 ] ; then\n    # print error to STDERR\n    echo \"error: The sandbox is not in sync with the Podfile.lock. Run 'pod install' or update your CocoaPods installation.\" >&2\n    exit 1\nfi\n# This output is used by Xcode 'outputs' to avoid re-running this script phase.\necho \"SUCCESS\" > \"${SCRIPT_OUTPUT_FILE_0}\"\n";
			showEnvVarsInLog = 0;
		};
/* End PBXShellScriptBuildPhase section */

/* Begin PBXSourcesBuildPhase section */
		A07753BE2343DDEE00186969 /* Sources */ = {
			isa = PBXSourcesBuildPhase;
			buildActionMask = 2147483647;
			files = (
				FB9F0C0424C3919900AA1191 /* MuseumView.swift in Sources */,
				FB6B0ABA24CB39D10026FD13 /* PlaygroundView..swift in Sources */,
				FB9931D324C211D10020B441 /* MainView.swift in Sources */,
				FB9931DA24C214030020B441 /* ImageCache.swift in Sources */,
				FBBFD3CD24C88F8000542654 /* SwipeableCards.swift in Sources */,
				A07753DD2343F15B00186969 /* TorchModule.mm in Sources */,
				A07753C62343DDEE00186969 /* AppDelegate.swift in Sources */,
				FB9931D824C213E20020B441 /* EnvironmentValues+ImageCache.swift in Sources */,
				FB9F0C0824C3A5A100AA1191 /* UIImage+Helper.swift in Sources */,
				FB9931D024C208460020B441 /* Model.swift in Sources */,
				FB9F0C0124C390D800AA1191 /* MuseumCard.swift in Sources */,
				FBF964E12453566E00E8EE2A /* CameraController.swift in Sources */,
				FB9F0C0A24C58ED400AA1191 /* MapLine.swift in Sources */,
				FBF964E52453566E00E8EE2A /* CVPixelBuffer+Helper.swift in Sources */,
				FB9931D624C213A80020B441 /* AsyncImage.swift in Sources */,
				FBF964E42453566E00E8EE2A /* ImagePredictor.swift in Sources */,
				FB6B0AB224CAF39F0026FD13 /* Bundle+Helper.swift in Sources */,
				FB9931DC24C2141A0020B441 /* ImageLoader.swift in Sources */,
				FB9931CB24C1F0BD0020B441 /* ContentView.swift in Sources */,
				FB9931CD24C1F5520020B441 /* SceneDelegate.swift in Sources */,
				FB9931C824C1EC5F0020B441 /* ShakeEffect.swift in Sources */,
				FB9931C524C1EC150020B441 /* QuestCard.swift in Sources */,
				FBF964E32453566E00E8EE2A /* CameraViewController.swift in Sources */,
			);
			runOnlyForDeploymentPostprocessing = 0;
		};
/* End PBXSourcesBuildPhase section */

/* Begin PBXVariantGroup section */
		A07753D02343DDEF00186969 /* LaunchScreen.storyboard */ = {
			isa = PBXVariantGroup;
			children = (
				A07753D12343DDEF00186969 /* Base */,
			);
			name = LaunchScreen.storyboard;
			sourceTree = "<group>";
		};
/* End PBXVariantGroup section */

/* Begin XCBuildConfiguration section */
		A07753D42343DDEF00186969 /* Debug */ = {
			isa = XCBuildConfiguration;
			buildSettings = {
				ALWAYS_SEARCH_USER_PATHS = NO;
				CLANG_ANALYZER_NONNULL = YES;
				CLANG_ANALYZER_NUMBER_OBJECT_CONVERSION = YES_AGGRESSIVE;
				CLANG_CXX_LANGUAGE_STANDARD = "gnu++14";
				CLANG_CXX_LIBRARY = "libc++";
				CLANG_ENABLE_MODULES = YES;
				CLANG_ENABLE_OBJC_ARC = YES;
				CLANG_ENABLE_OBJC_WEAK = YES;
				CLANG_WARN_BLOCK_CAPTURE_AUTORELEASING = YES;
				CLANG_WARN_BOOL_CONVERSION = YES;
				CLANG_WARN_COMMA = YES;
				CLANG_WARN_CONSTANT_CONVERSION = YES;
				CLANG_WARN_DEPRECATED_OBJC_IMPLEMENTATIONS = YES;
				CLANG_WARN_DIRECT_OBJC_ISA_USAGE = YES_ERROR;
				CLANG_WARN_DOCUMENTATION_COMMENTS = YES;
				CLANG_WARN_EMPTY_BODY = YES;
				CLANG_WARN_ENUM_CONVERSION = YES;
				CLANG_WARN_INFINITE_RECURSION = YES;
				CLANG_WARN_INT_CONVERSION = YES;
				CLANG_WARN_NON_LITERAL_NULL_CONVERSION = YES;
				CLANG_WARN_OBJC_IMPLICIT_RETAIN_SELF = YES;
				CLANG_WARN_OBJC_LITERAL_CONVERSION = YES;
				CLANG_WARN_OBJC_ROOT_CLASS = YES_ERROR;
				CLANG_WARN_RANGE_LOOP_ANALYSIS = YES;
				CLANG_WARN_STRICT_PROTOTYPES = YES;
				CLANG_WARN_SUSPICIOUS_MOVE = YES;
				CLANG_WARN_UNGUARDED_AVAILABILITY = YES_AGGRESSIVE;
				CLANG_WARN_UNREACHABLE_CODE = YES;
				CLANG_WARN__DUPLICATE_METHOD_MATCH = YES;
				COPY_PHASE_STRIP = NO;
				DEBUG_INFORMATION_FORMAT = dwarf;
				ENABLE_STRICT_OBJC_MSGSEND = YES;
				ENABLE_TESTABILITY = YES;
				GCC_C_LANGUAGE_STANDARD = gnu11;
				GCC_DYNAMIC_NO_PIC = NO;
				GCC_NO_COMMON_BLOCKS = YES;
				GCC_OPTIMIZATION_LEVEL = 0;
				GCC_PREPROCESSOR_DEFINITIONS = (
					"DEBUG=1",
					"$(inherited)",
				);
				GCC_WARN_64_TO_32_BIT_CONVERSION = YES;
				GCC_WARN_ABOUT_RETURN_TYPE = YES_ERROR;
				GCC_WARN_UNDECLARED_SELECTOR = YES;
				GCC_WARN_UNINITIALIZED_AUTOS = YES_AGGRESSIVE;
				GCC_WARN_UNUSED_FUNCTION = YES;
				GCC_WARN_UNUSED_VARIABLE = YES;
				IPHONEOS_DEPLOYMENT_TARGET = 13.0;
				MTL_ENABLE_DEBUG_INFO = INCLUDE_SOURCE;
				MTL_FAST_MATH = YES;
				ONLY_ACTIVE_ARCH = YES;
				SDKROOT = iphoneos;
				SWIFT_ACTIVE_COMPILATION_CONDITIONS = DEBUG;
				SWIFT_OPTIMIZATION_LEVEL = "-Onone";
			};
			name = Debug;
		};
		A07753D52343DDEF00186969 /* Release */ = {
			isa = XCBuildConfiguration;
			buildSettings = {
				ALWAYS_SEARCH_USER_PATHS = NO;
				CLANG_ANALYZER_NONNULL = YES;
				CLANG_ANALYZER_NUMBER_OBJECT_CONVERSION = YES_AGGRESSIVE;
				CLANG_CXX_LANGUAGE_STANDARD = "gnu++14";
				CLANG_CXX_LIBRARY = "libc++";
				CLANG_ENABLE_MODULES = YES;
				CLANG_ENABLE_OBJC_ARC = YES;
				CLANG_ENABLE_OBJC_WEAK = YES;
				CLANG_WARN_BLOCK_CAPTURE_AUTORELEASING = YES;
				CLANG_WARN_BOOL_CONVERSION = YES;
				CLANG_WARN_COMMA = YES;
				CLANG_WARN_CONSTANT_CONVERSION = YES;
				CLANG_WARN_DEPRECATED_OBJC_IMPLEMENTATIONS = YES;
				CLANG_WARN_DIRECT_OBJC_ISA_USAGE = YES_ERROR;
				CLANG_WARN_DOCUMENTATION_COMMENTS = YES;
				CLANG_WARN_EMPTY_BODY = YES;
				CLANG_WARN_ENUM_CONVERSION = YES;
				CLANG_WARN_INFINITE_RECURSION = YES;
				CLANG_WARN_INT_CONVERSION = YES;
				CLANG_WARN_NON_LITERAL_NULL_CONVERSION = YES;
				CLANG_WARN_OBJC_IMPLICIT_RETAIN_SELF = YES;
				CLANG_WARN_OBJC_LITERAL_CONVERSION = YES;
				CLANG_WARN_OBJC_ROOT_CLASS = YES_ERROR;
				CLANG_WARN_RANGE_LOOP_ANALYSIS = YES;
				CLANG_WARN_STRICT_PROTOTYPES = YES;
				CLANG_WARN_SUSPICIOUS_MOVE = YES;
				CLANG_WARN_UNGUARDED_AVAILABILITY = YES_AGGRESSIVE;
				CLANG_WARN_UNREACHABLE_CODE = YES;
				CLANG_WARN__DUPLICATE_METHOD_MATCH = YES;
				COPY_PHASE_STRIP = NO;
				DEBUG_INFORMATION_FORMAT = "dwarf-with-dsym";
				ENABLE_NS_ASSERTIONS = NO;
				ENABLE_STRICT_OBJC_MSGSEND = YES;
				GCC_C_LANGUAGE_STANDARD = gnu11;
				GCC_NO_COMMON_BLOCKS = YES;
				GCC_WARN_64_TO_32_BIT_CONVERSION = YES;
				GCC_WARN_ABOUT_RETURN_TYPE = YES_ERROR;
				GCC_WARN_UNDECLARED_SELECTOR = YES;
				GCC_WARN_UNINITIALIZED_AUTOS = YES_AGGRESSIVE;
				GCC_WARN_UNUSED_FUNCTION = YES;
				GCC_WARN_UNUSED_VARIABLE = YES;
				IPHONEOS_DEPLOYMENT_TARGET = 13.0;
				MTL_ENABLE_DEBUG_INFO = NO;
				MTL_FAST_MATH = YES;
				SDKROOT = iphoneos;
				SWIFT_COMPILATION_MODE = wholemodule;
				SWIFT_OPTIMIZATION_LEVEL = "-O";
				VALIDATE_PRODUCT = YES;
			};
			name = Release;
		};
		A07753D72343DDEF00186969 /* Debug */ = {
			isa = XCBuildConfiguration;
			baseConfigurationReference = 278A9B2CDACABEF5F916C591 /* Pods-HelloWorld.debug.xcconfig */;
			buildSettings = {
				ASSETCATALOG_COMPILER_APPICON_NAME = AppIcon;
				CLANG_ENABLE_MODULES = YES;
				CODE_SIGN_STYLE = Automatic;
				DEVELOPMENT_TEAM = TUHYK3W5Y5;
				ENABLE_BITCODE = NO;
				INFOPLIST_FILE = Vingo/Info.plist;
				IPHONEOS_DEPLOYMENT_TARGET = 13.0;
				LD_RUNPATH_SEARCH_PATHS = (
					"$(inherited)",
					"@executable_path/Frameworks",
				);
				MARKETING_VERSION = 1.0.0;
				PRODUCT_BUNDLE_IDENTIFIER = azbang.vingo;
				PRODUCT_NAME = Vingo;
				SWIFT_OBJC_BRIDGING_HEADER = "Vingo/Vingonet/TorchBridge/Bridging-Header.h";
				SWIFT_OPTIMIZATION_LEVEL = "-Onone";
				SWIFT_VERSION = 5.0;
				TARGETED_DEVICE_FAMILY = "1,2";
			};
			name = Debug;
		};
		A07753D82343DDEF00186969 /* Release */ = {
			isa = XCBuildConfiguration;
			baseConfigurationReference = 4165EB65F4307DD1715BF487 /* Pods-HelloWorld.release.xcconfig */;
			buildSettings = {
				ASSETCATALOG_COMPILER_APPICON_NAME = AppIcon;
				CLANG_ENABLE_MODULES = YES;
				CODE_SIGN_STYLE = Automatic;
				DEVELOPMENT_TEAM = TUHYK3W5Y5;
				ENABLE_BITCODE = NO;
				INFOPLIST_FILE = Vingo/Info.plist;
				IPHONEOS_DEPLOYMENT_TARGET = 13.0;
				LD_RUNPATH_SEARCH_PATHS = (
					"$(inherited)",
					"@executable_path/Frameworks",
				);
				MARKETING_VERSION = 1.0.0;
				PRODUCT_BUNDLE_IDENTIFIER = azbang.vingo;
				PRODUCT_NAME = Vingo;
				SWIFT_OBJC_BRIDGING_HEADER = "Vingo/Vingonet/TorchBridge/Bridging-Header.h";
				SWIFT_VERSION = 5.0;
				TARGETED_DEVICE_FAMILY = "1,2";
			};
			name = Release;
		};
/* End XCBuildConfiguration section */

/* Begin XCConfigurationList section */
		A07753BD2343DDEE00186969 /* Build configuration list for PBXProject "Vingo" */ = {
			isa = XCConfigurationList;
			buildConfigurations = (
				A07753D42343DDEF00186969 /* Debug */,
				A07753D52343DDEF00186969 /* Release */,
			);
			defaultConfigurationIsVisible = 0;
			defaultConfigurationName = Release;
		};
		A07753D62343DDEF00186969 /* Build configuration list for PBXNativeTarget "Vingo" */ = {
			isa = XCConfigurationList;
			buildConfigurations = (
				A07753D72343DDEF00186969 /* Debug */,
				A07753D82343DDEF00186969 /* Release */,
			);
			defaultConfigurationIsVisible = 0;
			defaultConfigurationName = Release;
		};
/* End XCConfigurationList section */
	};
	rootObject = A07753BA2343DDEE00186969 /* Project object */;
}
